
Microsoft Visual Studio Solution File, Format Version 12.00
# Visual Studio Version 17
VisualStudioVersion = 17.3.32922.545
MinimumVisualStudioVersion = 10.0.40219.1
Project("{9A19103F-16F7-4668-BE54-9A1E7A4F7556}") = "Ship.CRUD", "Ship.CRUD\Ship.CRUD.csproj", "{64CFDC38-558B-40CF-B662-5361B7EF17B6}"
EndProject
Project("{FAE04EC0-301F-11D3-BF4B-00C04F79EFBC}") = "ShipCrud.Test", "ShipCrud.Test\ShipCrud.Test.csproj", "{354F0E84-2625-42EE-A3AA-8DBF83B8F74A}"
EndProject
Global
	GlobalSection(SolutionConfigurationPlatforms) = preSolution
		Debug|Any CPU = Debug|Any CPU
		Release|Any CPU = Release|Any CPU
	EndGlobalSection
	GlobalSection(ProjectConfigurationPlatforms) = postSolution
		{64CFDC38-558B-40CF-B662-5361B7EF17B6}.Debug|Any CPU.ActiveCfg = Debug|Any CPU
		{64CFDC38-558B-40CF-B662-5361B7EF17B6}.Debug|Any CPU.Build.0 = Debug|Any CPU
		{64CFDC38-558B-40CF-B662-5361B7EF17B6}.Release|Any CPU.ActiveCfg = Release|Any CPU
		{64CFDC38-558B-40CF-B662-5361B7EF17B6}.Release|Any CPU.Build.0 = Release|Any CPU
		{354F0E84-2625-42EE-A3AA-8DBF83B8F74A}.Debug|Any CPU.ActiveCfg = Debug|Any CPU
		{354F0E84-2625-42EE-A3AA-8DBF83B8F74A}.Debug|Any CPU.Build.0 = Debug|Any CPU
		{354F0E84-2625-42EE-A3AA-8DBF83B8F74A}.Release|Any CPU.ActiveCfg = Release|Any CPU
		{354F0E84-2625-42EE-A3AA-8DBF83B8F74A}.Release|Any CPU.Build.0 = Release|Any CPU
	EndGlobalSection
	GlobalSection(SolutionProperties) = preSolution
		HideSolutionNode = FALSE
	EndGlobalSection
	GlobalSection(ExtensibilityGlobals) = postSolution
		SolutionGuid = {C143F7C6-D7B6-450E-84D5-26B3B84C7527}
	EndGlobalSection
EndGlobal
